# This file is automatically generated by JPM.
# It is not intended for manual editing.
version = "1"
config-hash = "69d9dce2e1257e69556ba4090d12572ebc4c3ea5b428eb250f6f6502e76908fa"

[[dependencies]]
group = "info.picocli"
artifact = "picocli"
version = "4.7.6"
path = "/home/helge/.jpm/cache/info/picocli/picocli/4.7.6/picocli-4.7.6.jar"

[[dependencies]]
group = "com.moandjiezana.toml"
artifact = "toml4j"
version = "0.7.2"
path = "/home/helge/.jpm/cache/com/moandjiezana/toml/toml4j/0.7.2/toml4j-0.7.2.jar"

[[dependencies]]
group = "com.google.code.gson"
artifact = "gson"
version = "2.8.1"
path = "/home/helge/.jpm/cache/com/google/code/gson/gson/2.8.1/gson-2.8.1.jar"

