# This file is automatically generated by JPM.
# It is not intended for manual editing.
version = "1"
config-hash = "1e143e0db87cd3cbad5ee5a81ea472bc644e3058e45cd6c9b10a2f5ad91177ae"

[[dependencies]]
group = "com.fasterxml.jackson.core"
artifact = "jackson-core"
version = "2.17.2"
path = "/home/helge/.jpm/cache/com/fasterxml/jackson/core/jackson-core/2.17.2/jackson-core-2.17.2.jar"

[[dependencies]]
group = "org.slf4j"
artifact = "slf4j-simple"
version = "2.0.9"
path = "/home/helge/.jpm/cache/org/slf4j/slf4j-simple/2.0.9/slf4j-simple-2.0.9.jar"

[[dependencies]]
group = "org.slf4j"
artifact = "slf4j-api"
version = "2.0.9"
path = "/home/helge/.jpm/cache/org/slf4j/slf4j-api/2.0.9/slf4j-api-2.0.9.jar"

[[dependencies]]
group = "com.fasterxml.jackson.core"
artifact = "jackson-databind"
version = "2.17.2"
path = "/home/helge/.jpm/cache/com/fasterxml/jackson/core/jackson-databind/2.17.2/jackson-databind-2.17.2.jar"

[[dependencies]]
group = "com.fasterxml.jackson.core"
artifact = "jackson-annotations"
version = "2.17.2"
path = "/home/helge/.jpm/cache/com/fasterxml/jackson/core/jackson-annotations/2.17.2/jackson-annotations-2.17.2.jar"

