# This file is automatically generated by JPM.
# It is not intended for manual editing.
version = "1"
config-hash = "93ab4da77f3ae0da066dbdb1375c1f19fcb27744ef6dcb7ed01bfab12b41f6d2"

[[dependencies]]
group = "com.google.guava"
artifact = "listenablefuture"
version = "9999.0-empty-to-avoid-conflict-with-guava"
path = "/home/helge/.jpm/cache/com/google/guava/listenablefuture/9999.0-empty-to-avoid-conflict-with-guava/listenablefuture-9999.0-empty-to-avoid-conflict-with-guava.jar"

[[dependencies]]
group = "com.google.guava"
artifact = "guava"
version = "32.1.3-jre"
path = "/home/helge/.jpm/cache/com/google/guava/guava/32.1.3-jre/guava-32.1.3-jre.jar"

[[dependencies]]
group = "org.slf4j"
artifact = "slf4j-api"
version = "2.0.9"
path = "/home/helge/.jpm/cache/org/slf4j/slf4j-api/2.0.9/slf4j-api-2.0.9.jar"

[[dependencies]]
group = "com.google.guava"
artifact = "failureaccess"
version = "1.0.1"
path = "/home/helge/.jpm/cache/com/google/guava/failureaccess/1.0.1/failureaccess-1.0.1.jar"

